
Microsoft Visual Studio Solution File, Format Version 12.00
# Visual Studio Version 16
VisualStudioVersion = 16.0.29709.97
MinimumVisualStudioVersion = 10.0.40219.1
Project("{9A19103F-16F7-4668-BE54-9A1E7A4F7556}") = "SimpleWinForms", "SimpleWinForms.csproj", "{97B05D99-C067-4AA4-8ED4-059E0297A9B9}"
EndProject
Global
	GlobalSection(SolutionConfigurationPlatforms) = preSolution
		Debug|Any CPU = Debug|Any CPU
		Release|Any CPU = Release|Any CPU
	EndGlobalSection
	GlobalSection(ProjectConfigurationPlatforms) = postSolution
		{97B05D99-C067-4AA4-8ED4-059E0297A9B9}.Debug|Any CPU.ActiveCfg = Debug|Any CPU
		{97B05D99-C067-4AA4-8ED4-059E0297A9B9}.Debug|Any CPU.Build.0 = Debug|Any CPU
		{97B05D99-C067-4AA4-8ED4-059E0297A9B9}.Release|Any CPU.ActiveCfg = Release|Any CPU
		{97B05D99-C067-4AA4-8ED4-059E0297A9B9}.Release|Any CPU.Build.0 = Release|Any CPU
	EndGlobalSection
	GlobalSection(SolutionProperties) = preSolution
		HideSolutionNode = FALSE
	EndGlobalSection
	GlobalSection(ExtensibilityGlobals) = postSolution
		SolutionGuid = {6B45DC68-0F41-49E4-BF5F-31B0614D05CB}
	EndGlobalSection
EndGlobal
